# This file was autogenerated by Stack.
# You should not edit this file by hand.
# For more information, please see the documentation at:
#   https://docs.haskellstack.org/en/stable/lock_files

packages:
- completed:
    hackage: aeson-via-0.2.2@sha256:0e4d16af860305e551cfa13cd741fef3b317c1cdfdbd473e0cc0863036fa096c,1849
    pantry-tree:
      sha256: b3b1bd33010ececb67959daa605e600bcc8c71ab7e721d30a143870309233ab7
      size: 264
  original:
    hackage: aeson-via-0.2.2
- completed:
    hackage: dahdit-0.5.1@sha256:f583794914a2c775f3e59fe4ef1d39c5ab827ff27894da32f7ae0de4ea9f15b1,3704
    pantry-tree:
      sha256: 9b42c87254506abaa97962be7cdd558388ae0e77bf13678017a97c6feddf773b
      size: 1135
  original:
    hackage: dahdit-0.5.1
- completed:
    hackage: data-sword-0.2.0.3@sha256:953cca4b4533a388df0ef17e06ac5530652d1d73decfe8b656242ccdf4b40999,1568
    pantry-tree:
      sha256: 60a104a3d3cbba2e099a9e7ce561322b2884f5323cf74fd876dfb59f265d803c
      size: 439
  original:
    hackage: data-sword-0.2.0.3
- completed:
    hackage: daytripper-0.3.1@sha256:225a6e9348c2b5b6e0a55d408559b55df06f1365d5741d2f9d1856d8632769ae,2985
    pantry-tree:
      sha256: 5b714aec8cd526cec33a5b269f332d59fe8587e20cb83af9a5e7c3b53ddde351
      size: 225
  original:
    hackage: daytripper-0.3.1
- completed:
    hackage: falsify-0.2.0@sha256:a9ec175cfb20dc5afeedac69f424c77589729fce23733030abf22dc2053abc41,5265
    pantry-tree:
      sha256: c798208320e84b3d05564d73a63c6686499a68d667e33e2b8873035f15eaf81b
      size: 3378
  original:
    hackage: falsify-0.2.0
snapshots:
- completed:
    sha256: 53a2800f7fe0c4628af0e7d5e985707dd3af9863ac3983a43c835dbaa8ed5f35
    size: 714094
    url: https://raw.githubusercontent.com/commercialhaskell/stackage-snapshots/master/lts/22/3.yaml
  original: lts-22.3
