# This file was autogenerated by Stack.
# You should not edit this file by hand.
# For more information, please see the documentation at:
#   https://docs.haskellstack.org/en/stable/lock_files

packages:
- completed:
    hackage: aeson-via-0.2.0@sha256:10828137d9efe99cc2274fc82b908937fb87a21247dbea94925ed3231fb80dd2,1902
    pantry-tree:
      size: 310
      sha256: f2ccbe69e2a3013a03873f06d74c18ffa6ec13cab1abe92ce57536f9971e763e
  original:
    hackage: aeson-via-0.2.0
- completed:
    name: dahdit
    version: 0.1.0
    git: git@github.com:ejconlon/dahdit.git
    pantry-tree:
      size: 1616
      sha256: 6afc0529aac16a10af8c30ed3e786525c2117e93096cf08e7953a0a7a90e9ba1
    commit: 85904af492b53325ee02fdde65725e22091afcb5
  original:
    git: git@github.com:ejconlon/dahdit.git
    commit: 85904af492b53325ee02fdde65725e22091afcb5
- completed:
    name: data-sword
    version: 0.3.0.0
    git: git@github.com:ejconlon/data-sword.git
    pantry-tree:
      size: 644
      sha256: c19c6cbd87ce6ce7d46a15b28f74f47ab1e65d1b830e4afa9eaf27b0daea2536
    commit: 4a3efca54b337820446c7682bf3623d607f0365f
  original:
    git: git@github.com:ejconlon/data-sword.git
    commit: 4a3efca54b337820446c7682bf3623d607f0365f
snapshots:
- completed:
    size: 619399
    url: https://raw.githubusercontent.com/commercialhaskell/stackage-snapshots/master/lts/19/22.yaml
    sha256: 5098594e71bdefe0c13e9e6236f12e3414ef91a2b89b029fd30e8fc8087f3a07
  original: lts-19.22
